
Microsoft Visual Studio Solution File, Format Version 12.00
# Visual Studio 2012
Project("{FAE04EC0-301F-11D3-BF4B-00C04F79EFBC}") = "bh3_cxxd_201818215", "bh3_cxxd_201818215\bh3_cxxd_201818215.csproj", "{FCF2307C-42D7-4517-AB06-B23D4D84A889}"
EndProject
Global
	GlobalSection(SolutionConfigurationPlatforms) = preSolution
		Debug|Any CPU = Debug|Any CPU
		Release|Any CPU = Release|Any CPU
	EndGlobalSection
	GlobalSection(ProjectConfigurationPlatforms) = postSolution
		{FCF2307C-42D7-4517-AB06-B23D4D84A889}.Debug|Any CPU.ActiveCfg = Debug|Any CPU
		{FCF2307C-42D7-4517-AB06-B23D4D84A889}.Debug|Any CPU.Build.0 = Debug|Any CPU
		{FCF2307C-42D7-4517-AB06-B23D4D84A889}.Release|Any CPU.ActiveCfg = Release|Any CPU
		{FCF2307C-42D7-4517-AB06-B23D4D84A889}.Release|Any CPU.Build.0 = Release|Any CPU
	EndGlobalSection
	GlobalSection(SolutionProperties) = preSolution
		HideSolutionNode = FALSE
	EndGlobalSection
EndGlobal
